// !$*UTF8*$!
{
	archiveVersion = 1;
	classes = {
	};
	objectVersion = 56;
	objects = {

/* Begin PBXBuildFile section */
		BED8097C29E5888C00BF00DF /* SwapiAppApp.swift in Sources */ = {isa = PBXBuildFile; fileRef = BED8097B29E5888C00BF00DF /* SwapiAppApp.swift */; };
		BED8097E29E5888C00BF00DF /* ContentView.swift in Sources */ = {isa = PBXBuildFile; fileRef = BED8097D29E5888C00BF00DF /* ContentView.swift */; };
		BED8098029E5889000BF00DF /* Assets.xcassets in Resources */ = {isa = PBXBuildFile; fileRef = BED8097F29E5889000BF00DF /* Assets.xcassets */; };
		BED8098329E5889000BF00DF /* Preview Assets.xcassets in Resources */ = {isa = PBXBuildFile; fileRef = BED8098229E5889000BF00DF /* Preview Assets.xcassets */; };
		BED8098D29E5889000BF00DF /* SwapiAppTests.swift in Sources */ = {isa = PBXBuildFile; fileRef = BED8098C29E5889000BF00DF /* SwapiAppTests.swift */; };
		BED8099729E5889000BF00DF /* SwapiAppUITests.swift in Sources */ = {isa = PBXBuildFile; fileRef = BED8099629E5889000BF00DF /* SwapiAppUITests.swift */; };
		BED8099929E5889000BF00DF /* SwapiAppUITestsLaunchTests.swift in Sources */ = {isa = PBXBuildFile; fileRef = BED8099829E5889000BF00DF /* SwapiAppUITestsLaunchTests.swift */; };
		BED809A729E58CE900BF00DF /* EnkiDesignSystem in Frameworks */ = {isa = PBXBuildFile; productRef = BED809A629E58CE900BF00DF /* EnkiDesignSystem */; };
/* End PBXBuildFile section */

/* Begin PBXContainerItemProxy section */
		BED8098929E5889000BF00DF /* PBXContainerItemProxy */ = {
			isa = PBXContainerItemProxy;
			containerPortal = BED8097029E5888C00BF00DF /* Project object */;
			proxyType = 1;
			remoteGlobalIDString = BED8097729E5888C00BF00DF;
			remoteInfo = SwapiApp;
		};
		BED8099329E5889000BF00DF /* PBXContainerItemProxy */ = {
			isa = PBXContainerItemProxy;
			containerPortal = BED8097029E5888C00BF00DF /* Project object */;
			proxyType = 1;
			remoteGlobalIDString = BED8097729E5888C00BF00DF;
			remoteInfo = SwapiApp;
		};
/* End PBXContainerItemProxy section */

/* Begin PBXFileReference section */
		BED8097829E5888C00BF00DF /* SwapiApp.app */ = {isa = PBXFileReference; explicitFileType = wrapper.application; includeInIndex = 0; path = SwapiApp.app; sourceTree = BUILT_PRODUCTS_DIR; };
		BED8097B29E5888C00BF00DF /* SwapiAppApp.swift */ = {isa = PBXFileReference; lastKnownFileType = sourcecode.swift; path = SwapiAppApp.swift; sourceTree = "<group>"; };
		BED8097D29E5888C00BF00DF /* ContentView.swift */ = {isa = PBXFileReference; lastKnownFileType = sourcecode.swift; path = ContentView.swift; sourceTree = "<group>"; };
		BED8097F29E5889000BF00DF /* Assets.xcassets */ = {isa = PBXFileReference; lastKnownFileType = folder.assetcatalog; path = Assets.xcassets; sourceTree = "<group>"; };
		BED8098229E5889000BF00DF /* Preview Assets.xcassets */ = {isa = PBXFileReference; lastKnownFileType = folder.assetcatalog; path = "Preview Assets.xcassets"; sourceTree = "<group>"; };
		BED8098829E5889000BF00DF /* SwapiAppTests.xctest */ = {isa = PBXFileReference; explicitFileType = wrapper.cfbundle; includeInIndex = 0; path = SwapiAppTests.xctest; sourceTree = BUILT_PRODUCTS_DIR; };
		BED8098C29E5889000BF00DF /* SwapiAppTests.swift */ = {isa = PBXFileReference; lastKnownFileType = sourcecode.swift; path = SwapiAppTests.swift; sourceTree = "<group>"; };
		BED8099229E5889000BF00DF /* SwapiAppUITests.xctest */ = {isa = PBXFileReference; explicitFileType = wrapper.cfbundle; includeInIndex = 0; path = SwapiAppUITests.xctest; sourceTree = BUILT_PRODUCTS_DIR; };
		BED8099629E5889000BF00DF /* SwapiAppUITests.swift */ = {isa = PBXFileReference; lastKnownFileType = sourcecode.swift; path = SwapiAppUITests.swift; sourceTree = "<group>"; };
		BED8099829E5889000BF00DF /* SwapiAppUITestsLaunchTests.swift */ = {isa = PBXFileReference; lastKnownFileType = sourcecode.swift; path = SwapiAppUITestsLaunchTests.swift; sourceTree = "<group>"; };
/* End PBXFileReference section */

/* Begin PBXFrameworksBuildPhase section */
		BED8097529E5888C00BF00DF /* Frameworks */ = {
			isa = PBXFrameworksBuildPhase;
			buildActionMask = 2147483647;
			files = (
				BED809A729E58CE900BF00DF /* EnkiDesignSystem in Frameworks */,
			);
			runOnlyForDeploymentPostprocessing = 0;
		};
		BED8098529E5889000BF00DF /* Frameworks */ = {
			isa = PBXFrameworksBuildPhase;
			buildActionMask = 2147483647;
			files = (
			);
			runOnlyForDeploymentPostprocessing = 0;
		};
		BED8098F29E5889000BF00DF /* Frameworks */ = {
			isa = PBXFrameworksBuildPhase;
			buildActionMask = 2147483647;
			files = (
			);
			runOnlyForDeploymentPostprocessing = 0;
		};
/* End PBXFrameworksBuildPhase section */

/* Begin PBXGroup section */
		BED8096F29E5888C00BF00DF = {
			isa = PBXGroup;
			children = (
				BED8097A29E5888C00BF00DF /* SwapiApp */,
				BED8098B29E5889000BF00DF /* SwapiAppTests */,
				BED8099529E5889000BF00DF /* SwapiAppUITests */,
				BED8097929E5888C00BF00DF /* Products */,
			);
			sourceTree = "<group>";
		};
		BED8097929E5888C00BF00DF /* Products */ = {
			isa = PBXGroup;
			children = (
				BED8097829E5888C00BF00DF /* SwapiApp.app */,
				BED8098829E5889000BF00DF /* SwapiAppTests.xctest */,
				BED8099229E5889000BF00DF /* SwapiAppUITests.xctest */,
			);
			name = Products;
			sourceTree = "<group>";
		};
		BED8097A29E5888C00BF00DF /* SwapiApp */ = {
			isa = PBXGroup;
			children = (
				BED8097B29E5888C00BF00DF /* SwapiAppApp.swift */,
				BED8097D29E5888C00BF00DF /* ContentView.swift */,
				BED8097F29E5889000BF00DF /* Assets.xcassets */,
				BED8098129E5889000BF00DF /* Preview Content */,
			);
			path = SwapiApp;
			sourceTree = "<group>";
		};
		BED8098129E5889000BF00DF /* Preview Content */ = {
			isa = PBXGroup;
			children = (
				BED8098229E5889000BF00DF /* Preview Assets.xcassets */,
			);
			path = "Preview Content";
			sourceTree = "<group>";
		};
		BED8098B29E5889000BF00DF /* SwapiAppTests */ = {
			isa = PBXGroup;
			children = (
				BED8098C29E5889000BF00DF /* SwapiAppTests.swift */,
			);
			path = SwapiAppTests;
			sourceTree = "<group>";
		};
		BED8099529E5889000BF00DF /* SwapiAppUITests */ = {
			isa = PBXGroup;
			children = (
				BED8099629E5889000BF00DF /* SwapiAppUITests.swift */,
				BED8099829E5889000BF00DF /* SwapiAppUITestsLaunchTests.swift */,
			);
			path = SwapiAppUITests;
			sourceTree = "<group>";
		};
/* End PBXGroup section */

/* Begin PBXNativeTarget section */
		BED8097729E5888C00BF00DF /* SwapiApp */ = {
			isa = PBXNativeTarget;
			buildConfigurationList = BED8099C29E5889000BF00DF /* Build configuration list for PBXNativeTarget "SwapiApp" */;
			buildPhases = (
				BED8097429E5888C00BF00DF /* Sources */,
				BED8097529E5888C00BF00DF /* Frameworks */,
				BED8097629E5888C00BF00DF /* Resources */,
			);
			buildRules = (
			);
			dependencies = (
			);
			name = SwapiApp;
			packageProductDependencies = (
				BED809A629E58CE900BF00DF /* EnkiDesignSystem */,
			);
			productName = SwapiApp;
			productReference = BED8097829E5888C00BF00DF /* SwapiApp.app */;
			productType = "com.apple.product-type.application";
		};
		BED8098729E5889000BF00DF /* SwapiAppTests */ = {
			isa = PBXNativeTarget;
			buildConfigurationList = BED8099F29E5889000BF00DF /* Build configuration list for PBXNativeTarget "SwapiAppTests" */;
			buildPhases = (
				BED8098429E5889000BF00DF /* Sources */,
				BED8098529E5889000BF00DF /* Frameworks */,
				BED8098629E5889000BF00DF /* Resources */,
			);
			buildRules = (
			);
			dependencies = (
				BED8098A29E5889000BF00DF /* PBXTargetDependency */,
			);
			name = SwapiAppTests;
			productName = SwapiAppTests;
			productReference = BED8098829E5889000BF00DF /* SwapiAppTests.xctest */;
			productType = "com.apple.product-type.bundle.unit-test";
		};
		BED8099129E5889000BF00DF /* SwapiAppUITests */ = {
			isa = PBXNativeTarget;
			buildConfigurationList = BED809A229E5889000BF00DF /* Build configuration list for PBXNativeTarget "SwapiAppUITests" */;
			buildPhases = (
				BED8098E29E5889000BF00DF /* Sources */,
				BED8098F29E5889000BF00DF /* Frameworks */,
				BED8099029E5889000BF00DF /* Resources */,
			);
			buildRules = (
			);
			dependencies = (
				BED8099429E5889000BF00DF /* PBXTargetDependency */,
			);
			name = SwapiAppUITests;
			productName = SwapiAppUITests;
			productReference = BED8099229E5889000BF00DF /* SwapiAppUITests.xctest */;
			productType = "com.apple.product-type.bundle.ui-testing";
		};
/* End PBXNativeTarget section */

/* Begin PBXProject section */
		BED8097029E5888C00BF00DF /* Project object */ = {
			isa = PBXProject;
			attributes = {
				BuildIndependentTargetsInParallel = 1;
				LastSwiftUpdateCheck = 1420;
				LastUpgradeCheck = 1420;
				TargetAttributes = {
					BED8097729E5888C00BF00DF = {
						CreatedOnToolsVersion = 14.2;
					};
					BED8098729E5889000BF00DF = {
						CreatedOnToolsVersion = 14.2;
						TestTargetID = BED8097729E5888C00BF00DF;
					};
					BED8099129E5889000BF00DF = {
						CreatedOnToolsVersion = 14.2;
						TestTargetID = BED8097729E5888C00BF00DF;
					};
				};
			};
			buildConfigurationList = BED8097329E5888C00BF00DF /* Build configuration list for PBXProject "SwapiApp" */;
			compatibilityVersion = "Xcode 14.0";
			developmentRegion = en;
			hasScannedForEncodings = 0;
			knownRegions = (
				en,
				Base,
			);
			mainGroup = BED8096F29E5888C00BF00DF;
			packageReferences = (
				BED809A529E58CE900BF00DF /* XCRemoteSwiftPackageReference "enki-design-system-ios" */,
			);
			productRefGroup = BED8097929E5888C00BF00DF /* Products */;
			projectDirPath = "";
			projectRoot = "";
			targets = (
				BED8097729E5888C00BF00DF /* SwapiApp */,
				BED8098729E5889000BF00DF /* SwapiAppTests */,
				BED8099129E5889000BF00DF /* SwapiAppUITests */,
			);
		};
/* End PBXProject section */

/* Begin PBXResourcesBuildPhase section */
		BED8097629E5888C00BF00DF /* Resources */ = {
			isa = PBXResourcesBuildPhase;
			buildActionMask = 2147483647;
			files = (
				BED8098329E5889000BF00DF /* Preview Assets.xcassets in Resources */,
				BED8098029E5889000BF00DF /* Assets.xcassets in Resources */,
			);
			runOnlyForDeploymentPostprocessing = 0;
		};
		BED8098629E5889000BF00DF /* Resources */ = {
			isa = PBXResourcesBuildPhase;
			buildActionMask = 2147483647;
			files = (
			);
			runOnlyForDeploymentPostprocessing = 0;
		};
		BED8099029E5889000BF00DF /* Resources */ = {
			isa = PBXResourcesBuildPhase;
			buildActionMask = 2147483647;
			files = (
			);
			runOnlyForDeploymentPostprocessing = 0;
		};
/* End PBXResourcesBuildPhase section */

/* Begin PBXSourcesBuildPhase section */
		BED8097429E5888C00BF00DF /* Sources */ = {
			isa = PBXSourcesBuildPhase;
			buildActionMask = 2147483647;
			files = (
				BED8097E29E5888C00BF00DF /* ContentView.swift in Sources */,
				BED8097C29E5888C00BF00DF /* SwapiAppApp.swift in Sources */,
			);
			runOnlyForDeploymentPostprocessing = 0;
		};
		BED8098429E5889000BF00DF /* Sources */ = {
			isa = PBXSourcesBuildPhase;
			buildActionMask = 2147483647;
			files = (
				BED8098D29E5889000BF00DF /* SwapiAppTests.swift in Sources */,
			);
			runOnlyForDeploymentPostprocessing = 0;
		};
		BED8098E29E5889000BF00DF /* Sources */ = {
			isa = PBXSourcesBuildPhase;
			buildActionMask = 2147483647;
			files = (
				BED8099929E5889000BF00DF /* SwapiAppUITestsLaunchTests.swift in Sources */,
				BED8099729E5889000BF00DF /* SwapiAppUITests.swift in Sources */,
			);
			runOnlyForDeploymentPostprocessing = 0;
		};
/* End PBXSourcesBuildPhase section */

/* Begin PBXTargetDependency section */
		BED8098A29E5889000BF00DF /* PBXTargetDependency */ = {
			isa = PBXTargetDependency;
			target = BED8097729E5888C00BF00DF /* SwapiApp */;
			targetProxy = BED8098929E5889000BF00DF /* PBXContainerItemProxy */;
		};
		BED8099429E5889000BF00DF /* PBXTargetDependency */ = {
			isa = PBXTargetDependency;
			target = BED8097729E5888C00BF00DF /* SwapiApp */;
			targetProxy = BED8099329E5889000BF00DF /* PBXContainerItemProxy */;
		};
/* End PBXTargetDependency section */

/* Begin XCBuildConfiguration section */
		BED8099A29E5889000BF00DF /* Debug */ = {
			isa = XCBuildConfiguration;
			buildSettings = {
				ALWAYS_SEARCH_USER_PATHS = NO;
				CLANG_ANALYZER_NONNULL = YES;
				CLANG_ANALYZER_NUMBER_OBJECT_CONVERSION = YES_AGGRESSIVE;
				CLANG_CXX_LANGUAGE_STANDARD = "gnu++20";
				CLANG_ENABLE_MODULES = YES;
				CLANG_ENABLE_OBJC_ARC = YES;
				CLANG_ENABLE_OBJC_WEAK = YES;
				CLANG_WARN_BLOCK_CAPTURE_AUTORELEASING = YES;
				CLANG_WARN_BOOL_CONVERSION = YES;
				CLANG_WARN_COMMA = YES;
				CLANG_WARN_CONSTANT_CONVERSION = YES;
				CLANG_WARN_DEPRECATED_OBJC_IMPLEMENTATIONS = YES;
				CLANG_WARN_DIRECT_OBJC_ISA_USAGE = YES_ERROR;
				CLANG_WARN_DOCUMENTATION_COMMENTS = YES;
				CLANG_WARN_EMPTY_BODY = YES;
				CLANG_WARN_ENUM_CONVERSION = YES;
				CLANG_WARN_INFINITE_RECURSION = YES;
				CLANG_WARN_INT_CONVERSION = YES;
				CLANG_WARN_NON_LITERAL_NULL_CONVERSION = YES;
				CLANG_WARN_OBJC_IMPLICIT_RETAIN_SELF = YES;
				CLANG_WARN_OBJC_LITERAL_CONVERSION = YES;
				CLANG_WARN_OBJC_ROOT_CLASS = YES_ERROR;
				CLANG_WARN_QUOTED_INCLUDE_IN_FRAMEWORK_HEADER = YES;
				CLANG_WARN_RANGE_LOOP_ANALYSIS = YES;
				CLANG_WARN_STRICT_PROTOTYPES = YES;
				CLANG_WARN_SUSPICIOUS_MOVE = YES;
				CLANG_WARN_UNGUARDED_AVAILABILITY = YES_AGGRESSIVE;
				CLANG_WARN_UNREACHABLE_CODE = YES;
				CLANG_WARN__DUPLICATE_METHOD_MATCH = YES;
				COPY_PHASE_STRIP = NO;
				DEBUG_INFORMATION_FORMAT = dwarf;
				ENABLE_STRICT_OBJC_MSGSEND = YES;
				ENABLE_TESTABILITY = YES;
				GCC_C_LANGUAGE_STANDARD = gnu11;
				GCC_DYNAMIC_NO_PIC = NO;
				GCC_NO_COMMON_BLOCKS = YES;
				GCC_OPTIMIZATION_LEVEL = 0;
				GCC_PREPROCESSOR_DEFINITIONS = (
					"DEBUG=1",
					"$(inherited)",
				);
				GCC_WARN_64_TO_32_BIT_CONVERSION = YES;
				GCC_WARN_ABOUT_RETURN_TYPE = YES_ERROR;
				GCC_WARN_UNDECLARED_SELECTOR = YES;
				GCC_WARN_UNINITIALIZED_AUTOS = YES_AGGRESSIVE;
				GCC_WARN_UNUSED_FUNCTION = YES;
				GCC_WARN_UNUSED_VARIABLE = YES;
				IPHONEOS_DEPLOYMENT_TARGET = 16.2;
				MTL_ENABLE_DEBUG_INFO = INCLUDE_SOURCE;
				MTL_FAST_MATH = YES;
				ONLY_ACTIVE_ARCH = YES;
				SDKROOT = iphoneos;
				SWIFT_ACTIVE_COMPILATION_CONDITIONS = DEBUG;
				SWIFT_OPTIMIZATION_LEVEL = "-Onone";
			};
			name = Debug;
		};
		BED8099B29E5889000BF00DF /* Release */ = {
			isa = XCBuildConfiguration;
			buildSettings = {
				ALWAYS_SEARCH_USER_PATHS = NO;
				CLANG_ANALYZER_NONNULL = YES;
				CLANG_ANALYZER_NUMBER_OBJECT_CONVERSION = YES_AGGRESSIVE;
				CLANG_CXX_LANGUAGE_STANDARD = "gnu++20";
				CLANG_ENABLE_MODULES = YES;
				CLANG_ENABLE_OBJC_ARC = YES;
				CLANG_ENABLE_OBJC_WEAK = YES;
				CLANG_WARN_BLOCK_CAPTURE_AUTORELEASING = YES;
				CLANG_WARN_BOOL_CONVERSION = YES;
				CLANG_WARN_COMMA = YES;
				CLANG_WARN_CONSTANT_CONVERSION = YES;
				CLANG_WARN_DEPRECATED_OBJC_IMPLEMENTATIONS = YES;
				CLANG_WARN_DIRECT_OBJC_ISA_USAGE = YES_ERROR;
				CLANG_WARN_DOCUMENTATION_COMMENTS = YES;
				CLANG_WARN_EMPTY_BODY = YES;
				CLANG_WARN_ENUM_CONVERSION = YES;
				CLANG_WARN_INFINITE_RECURSION = YES;
				CLANG_WARN_INT_CONVERSION = YES;
				CLANG_WARN_NON_LITERAL_NULL_CONVERSION = YES;
				CLANG_WARN_OBJC_IMPLICIT_RETAIN_SELF = YES;
				CLANG_WARN_OBJC_LITERAL_CONVERSION = YES;
				CLANG_WARN_OBJC_ROOT_CLASS = YES_ERROR;
				CLANG_WARN_QUOTED_INCLUDE_IN_FRAMEWORK_HEADER = YES;
				CLANG_WARN_RANGE_LOOP_ANALYSIS = YES;
				CLANG_WARN_STRICT_PROTOTYPES = YES;
				CLANG_WARN_SUSPICIOUS_MOVE = YES;
				CLANG_WARN_UNGUARDED_AVAILABILITY = YES_AGGRESSIVE;
				CLANG_WARN_UNREACHABLE_CODE = YES;
				CLANG_WARN__DUPLICATE_METHOD_MATCH = YES;
				COPY_PHASE_STRIP = NO;
				DEBUG_INFORMATION_FORMAT = "dwarf-with-dsym";
				ENABLE_NS_ASSERTIONS = NO;
				ENABLE_STRICT_OBJC_MSGSEND = YES;
				GCC_C_LANGUAGE_STANDARD = gnu11;
				GCC_NO_COMMON_BLOCKS = YES;
				GCC_WARN_64_TO_32_BIT_CONVERSION = YES;
				GCC_WARN_ABOUT_RETURN_TYPE = YES_ERROR;
				GCC_WARN_UNDECLARED_SELECTOR = YES;
				GCC_WARN_UNINITIALIZED_AUTOS = YES_AGGRESSIVE;
				GCC_WARN_UNUSED_FUNCTION = YES;
				GCC_WARN_UNUSED_VARIABLE = YES;
				IPHONEOS_DEPLOYMENT_TARGET = 16.2;
				MTL_ENABLE_DEBUG_INFO = NO;
				MTL_FAST_MATH = YES;
				SDKROOT = iphoneos;
				SWIFT_COMPILATION_MODE = wholemodule;
				SWIFT_OPTIMIZATION_LEVEL = "-O";
				VALIDATE_PRODUCT = YES;
			};
			name = Release;
		};
		BED8099D29E5889000BF00DF /* Debug */ = {
			isa = XCBuildConfiguration;
			buildSettings = {
				ASSETCATALOG_COMPILER_APPICON_NAME = AppIcon;
				ASSETCATALOG_COMPILER_GLOBAL_ACCENT_COLOR_NAME = AccentColor;
				CODE_SIGN_STYLE = Automatic;
				CURRENT_PROJECT_VERSION = 1;
				DEVELOPMENT_ASSET_PATHS = "\"SwapiApp/Preview Content\"";
				DEVELOPMENT_TEAM = FXN48TGVNW;
				ENABLE_PREVIEWS = YES;
				GENERATE_INFOPLIST_FILE = YES;
				INFOPLIST_KEY_UIApplicationSceneManifest_Generation = YES;
				INFOPLIST_KEY_UIApplicationSupportsIndirectInputEvents = YES;
				INFOPLIST_KEY_UILaunchScreen_Generation = YES;
				INFOPLIST_KEY_UISupportedInterfaceOrientations_iPad = "UIInterfaceOrientationPortrait UIInterfaceOrientationPortraitUpsideDown UIInterfaceOrientationLandscapeLeft UIInterfaceOrientationLandscapeRight";
				INFOPLIST_KEY_UISupportedInterfaceOrientations_iPhone = "UIInterfaceOrientationPortrait UIInterfaceOrientationLandscapeLeft UIInterfaceOrientationLandscapeRight";
				LD_RUNPATH_SEARCH_PATHS = (
					"$(inherited)",
					"@executable_path/Frameworks",
				);
				MARKETING_VERSION = 1.0;
				PRODUCT_BUNDLE_IDENTIFIER = com.enki.poc.SwapiApp;
				PRODUCT_NAME = "$(TARGET_NAME)";
				SWIFT_EMIT_LOC_STRINGS = YES;
				SWIFT_VERSION = 5.0;
				TARGETED_DEVICE_FAMILY = "1,2";
			};
			name = Debug;
		};
		BED8099E29E5889000BF00DF /* Release */ = {
			isa = XCBuildConfiguration;
			buildSettings = {
				ASSETCATALOG_COMPILER_APPICON_NAME = AppIcon;
				ASSETCATALOG_COMPILER_GLOBAL_ACCENT_COLOR_NAME = AccentColor;
				CODE_SIGN_STYLE = Automatic;
				CURRENT_PROJECT_VERSION = 1;
				DEVELOPMENT_ASSET_PATHS = "\"SwapiApp/Preview Content\"";
				DEVELOPMENT_TEAM = FXN48TGVNW;
				ENABLE_PREVIEWS = YES;
				GENERATE_INFOPLIST_FILE = YES;
				INFOPLIST_KEY_UIApplicationSceneManifest_Generation = YES;
				INFOPLIST_KEY_UIApplicationSupportsIndirectInputEvents = YES;
				INFOPLIST_KEY_UILaunchScreen_Generation = YES;
				INFOPLIST_KEY_UISupportedInterfaceOrientations_iPad = "UIInterfaceOrientationPortrait UIInterfaceOrientationPortraitUpsideDown UIInterfaceOrientationLandscapeLeft UIInterfaceOrientationLandscapeRight";
				INFOPLIST_KEY_UISupportedInterfaceOrientations_iPhone = "UIInterfaceOrientationPortrait UIInterfaceOrientationLandscapeLeft UIInterfaceOrientationLandscapeRight";
				LD_RUNPATH_SEARCH_PATHS = (
					"$(inherited)",
					"@executable_path/Frameworks",
				);
				MARKETING_VERSION = 1.0;
				PRODUCT_BUNDLE_IDENTIFIER = com.enki.poc.SwapiApp;
				PRODUCT_NAME = "$(TARGET_NAME)";
				SWIFT_EMIT_LOC_STRINGS = YES;
				SWIFT_VERSION = 5.0;
				TARGETED_DEVICE_FAMILY = "1,2";
			};
			name = Release;
		};
		BED809A029E5889000BF00DF /* Debug */ = {
			isa = XCBuildConfiguration;
			buildSettings = {
				ALWAYS_EMBED_SWIFT_STANDARD_LIBRARIES = YES;
				BUNDLE_LOADER = "$(TEST_HOST)";
				CODE_SIGN_STYLE = Automatic;
				CURRENT_PROJECT_VERSION = 1;
				DEVELOPMENT_TEAM = FXN48TGVNW;
				GENERATE_INFOPLIST_FILE = YES;
				IPHONEOS_DEPLOYMENT_TARGET = 16.2;
				MARKETING_VERSION = 1.0;
				PRODUCT_BUNDLE_IDENTIFIER = com.enki.poc.SwapiAppTests;
				PRODUCT_NAME = "$(TARGET_NAME)";
				SWIFT_EMIT_LOC_STRINGS = NO;
				SWIFT_VERSION = 5.0;
				TARGETED_DEVICE_FAMILY = "1,2";
				TEST_HOST = "$(BUILT_PRODUCTS_DIR)/SwapiApp.app/$(BUNDLE_EXECUTABLE_FOLDER_PATH)/SwapiApp";
			};
			name = Debug;
		};
		BED809A129E5889000BF00DF /* Release */ = {
			isa = XCBuildConfiguration;
			buildSettings = {
				ALWAYS_EMBED_SWIFT_STANDARD_LIBRARIES = YES;
				BUNDLE_LOADER = "$(TEST_HOST)";
				CODE_SIGN_STYLE = Automatic;
				CURRENT_PROJECT_VERSION = 1;
				DEVELOPMENT_TEAM = FXN48TGVNW;
				GENERATE_INFOPLIST_FILE = YES;
				IPHONEOS_DEPLOYMENT_TARGET = 16.2;
				MARKETING_VERSION = 1.0;
				PRODUCT_BUNDLE_IDENTIFIER = com.enki.poc.SwapiAppTests;
				PRODUCT_NAME = "$(TARGET_NAME)";
				SWIFT_EMIT_LOC_STRINGS = NO;
				SWIFT_VERSION = 5.0;
				TARGETED_DEVICE_FAMILY = "1,2";
				TEST_HOST = "$(BUILT_PRODUCTS_DIR)/SwapiApp.app/$(BUNDLE_EXECUTABLE_FOLDER_PATH)/SwapiApp";
			};
			name = Release;
		};
		BED809A329E5889000BF00DF /* Debug */ = {
			isa = XCBuildConfiguration;
			buildSettings = {
				ALWAYS_EMBED_SWIFT_STANDARD_LIBRARIES = YES;
				CODE_SIGN_STYLE = Automatic;
				CURRENT_PROJECT_VERSION = 1;
				DEVELOPMENT_TEAM = FXN48TGVNW;
				GENERATE_INFOPLIST_FILE = YES;
				MARKETING_VERSION = 1.0;
				PRODUCT_BUNDLE_IDENTIFIER = com.enki.poc.SwapiAppUITests;
				PRODUCT_NAME = "$(TARGET_NAME)";
				SWIFT_EMIT_LOC_STRINGS = NO;
				SWIFT_VERSION = 5.0;
				TARGETED_DEVICE_FAMILY = "1,2";
				TEST_TARGET_NAME = SwapiApp;
			};
			name = Debug;
		};
		BED809A429E5889000BF00DF /* Release */ = {
			isa = XCBuildConfiguration;
			buildSettings = {
				ALWAYS_EMBED_SWIFT_STANDARD_LIBRARIES = YES;
				CODE_SIGN_STYLE = Automatic;
				CURRENT_PROJECT_VERSION = 1;
				DEVELOPMENT_TEAM = FXN48TGVNW;
				GENERATE_INFOPLIST_FILE = YES;
				MARKETING_VERSION = 1.0;
				PRODUCT_BUNDLE_IDENTIFIER = com.enki.poc.SwapiAppUITests;
				PRODUCT_NAME = "$(TARGET_NAME)";
				SWIFT_EMIT_LOC_STRINGS = NO;
				SWIFT_VERSION = 5.0;
				TARGETED_DEVICE_FAMILY = "1,2";
				TEST_TARGET_NAME = SwapiApp;
			};
			name = Release;
		};
/* End XCBuildConfiguration section */

/* Begin XCConfigurationList section */
		BED8097329E5888C00BF00DF /* Build configuration list for PBXProject "SwapiApp" */ = {
			isa = XCConfigurationList;
			buildConfigurations = (
				BED8099A29E5889000BF00DF /* Debug */,
				BED8099B29E5889000BF00DF /* Release */,
			);
			defaultConfigurationIsVisible = 0;
			defaultConfigurationName = Release;
		};
		BED8099C29E5889000BF00DF /* Build configuration list for PBXNativeTarget "SwapiApp" */ = {
			isa = XCConfigurationList;
			buildConfigurations = (
				BED8099D29E5889000BF00DF /* Debug */,
				BED8099E29E5889000BF00DF /* Release */,
			);
			defaultConfigurationIsVisible = 0;
			defaultConfigurationName = Release;
		};
		BED8099F29E5889000BF00DF /* Build configuration list for PBXNativeTarget "SwapiAppTests" */ = {
			isa = XCConfigurationList;
			buildConfigurations = (
				BED809A029E5889000BF00DF /* Debug */,
				BED809A129E5889000BF00DF /* Release */,
			);
			defaultConfigurationIsVisible = 0;
			defaultConfigurationName = Release;
		};
		BED809A229E5889000BF00DF /* Build configuration list for PBXNativeTarget "SwapiAppUITests" */ = {
			isa = XCConfigurationList;
			buildConfigurations = (
				BED809A329E5889000BF00DF /* Debug */,
				BED809A429E5889000BF00DF /* Release */,
			);
			defaultConfigurationIsVisible = 0;
			defaultConfigurationName = Release;
		};
/* End XCConfigurationList section */

/* Begin XCRemoteSwiftPackageReference section */
		BED809A529E58CE900BF00DF /* XCRemoteSwiftPackageReference "enki-design-system-ios" */ = {
			isa = XCRemoteSwiftPackageReference;
			repositoryURL = "git@github.com:adeo/enki-design-system-ios.git";
			requirement = {
				kind = exactVersion;
				version = 0.3.14;
			};
		};
/* End XCRemoteSwiftPackageReference section */

/* Begin XCSwiftPackageProductDependency section */
		BED809A629E58CE900BF00DF /* EnkiDesignSystem */ = {
			isa = XCSwiftPackageProductDependency;
			package = BED809A529E58CE900BF00DF /* XCRemoteSwiftPackageReference "enki-design-system-ios" */;
			productName = EnkiDesignSystem;
		};
/* End XCSwiftPackageProductDependency section */
	};
	rootObject = BED8097029E5888C00BF00DF /* Project object */;
}
