{
  "pins" : [
    {
      "identity" : "enki-design-system-ios",
      "kind" : "remoteSourceControl",
      "location" : "git@github.com:adeo/enki-design-system-ios.git",
      "state" : {
        "revision" : "9a8ee585b78af91e01523d6c2bacbb674bd95eef",
        "version" : "0.5.13"
      }
    },
    {
      "identity" : "swiftgenplugin",
      "kind" : "remoteSourceControl",
      "location" : "https://github.com/SwiftGen/SwiftGenPlugin",
      "state" : {
        "revision" : "879b85a470cacd70c19e22eb7e11a3aed66f4068",
        "version" : "6.6.2"
      }
    },
    {
      "identity" : "swiftlintplugin",
      "kind" : "remoteSourceControl",
      "location" : "https://github.com/lukepistrol/SwiftLintPlugin",
      "state" : {
        "revision" : "d3ec7fb242ebe1d8e23bf17e58a1e27d43125994",
        "version" : "0.2.6"
      }
    }
  ],
  "version" : 2
}
